
Microsoft Visual Studio Solution File, Format Version 12.00
# Visual Studio Version 17
VisualStudioVersion = 17.7.34031.279
MinimumVisualStudioVersion = 10.0.40219.1
Project("{FAE04EC0-301F-11D3-BF4B-00C04F79EFBC}") = "Laila_Dekstop", "Laila_Dekstop\Laila_Dekstop.csproj", "{D5293BD6-7365-457D-ACD0-2273E0A4915A}"
EndProject
Global
	GlobalSection(SolutionConfigurationPlatforms) = preSolution
		Debug|Any CPU = Debug|Any CPU
		Release|Any CPU = Release|Any CPU
	EndGlobalSection
	GlobalSection(ProjectConfigurationPlatforms) = postSolution
		{D5293BD6-7365-457D-ACD0-2273E0A4915A}.Debug|Any CPU.ActiveCfg = Debug|Any CPU
		{D5293BD6-7365-457D-ACD0-2273E0A4915A}.Debug|Any CPU.Build.0 = Debug|Any CPU
		{D5293BD6-7365-457D-ACD0-2273E0A4915A}.Release|Any CPU.ActiveCfg = Release|Any CPU
		{D5293BD6-7365-457D-ACD0-2273E0A4915A}.Release|Any CPU.Build.0 = Release|Any CPU
	EndGlobalSection
	GlobalSection(SolutionProperties) = preSolution
		HideSolutionNode = FALSE
	EndGlobalSection
	GlobalSection(ExtensibilityGlobals) = postSolution
		SolutionGuid = {721C42EC-6853-43A7-A88D-F339D9873CA1}
	EndGlobalSection
EndGlobal
